Microsoft Visual Studio Solution File, Format Version 12.00
# Visual Studio Version 17
VisualStudioVersion = 17.5.2.0
MinimumVisualStudioVersion = 10.0.40219.1
Project("{FAE04EC0-301F-11D3-BF4B-00C04F79EFBC}") = "StockApp", "backend\StockApp.csproj", "{678A76EA-A93B-A940-B605-1993A0F36E90}"
EndProject
Project("{2150E333-8FDC-42A3-9474-1A3956D46DE8}") = "backend", "backend", "{1AE8ACA6-933B-BF2A-3671-3E2EAC007D16}"
EndProject
Project("{2150E333-8FDC-42A3-9474-1A3956D46DE8}") = "obj", "obj", "{B2DA5284-8888-B510-F7CE-BDAC8A24F6D0}"
EndProject
Project("{2150E333-8FDC-42A3-9474-1A3956D46DE8}") = "Debug", "Debug", "{32CCCD6E-5CDC-9BC3-C011-800B623D31ED}"
EndProject
Project("{2150E333-8FDC-42A3-9474-1A3956D46DE8}") = "net8.0", "net8.0", "{0177F72A-EE5D-4E9B-4494-26D671C50C83}"
EndProject
Project("{FAE04EC0-301F-11D3-BF4B-00C04F79EFBC}") = "WorkerExtensions", "backend\obj\Debug\net8.0\WorkerExtensions\WorkerExtensions.csproj", "{C3740F5C-48F8-7A39-46C1-BF34FEC11683}"
EndProject
Project("{2150E333-8FDC-42A3-9474-1A3956D46DE8}") = "Release", "Release", "{E5491D3F-4CD8-9409-F1AC-6C8F0B7B391C}"
EndProject
Project("{2150E333-8FDC-42A3-9474-1A3956D46DE8}") = "net8.0", "net8.0", "{14786BFC-1FEE-5DB3-CB40-7AE70C7DE364}"
EndProject
Project("{FAE04EC0-301F-11D3-BF4B-00C04F79EFBC}") = "WorkerExtensions", "backend\obj\Release\net8.0\WorkerExtensions\WorkerExtensions.csproj", "{88270AC2-BA76-BA5E-B27B-B5A4512B6AA5}"
EndProject
Global
	GlobalSection(SolutionConfigurationPlatforms) = preSolution
		Debug|Any CPU = Debug|Any CPU
		Release|Any CPU = Release|Any CPU
	EndGlobalSection
	GlobalSection(ProjectConfigurationPlatforms) = postSolution
		{678A76EA-A93B-A940-B605-1993A0F36E90}.Debug|Any CPU.ActiveCfg = Debug|Any CPU
		{678A76EA-A93B-A940-B605-1993A0F36E90}.Debug|Any CPU.Build.0 = Debug|Any CPU
		{678A76EA-A93B-A940-B605-1993A0F36E90}.Release|Any CPU.ActiveCfg = Release|Any CPU
		{678A76EA-A93B-A940-B605-1993A0F36E90}.Release|Any CPU.Build.0 = Release|Any CPU
		{C3740F5C-48F8-7A39-46C1-BF34FEC11683}.Debug|Any CPU.ActiveCfg = Debug|Any CPU
		{C3740F5C-48F8-7A39-46C1-BF34FEC11683}.Debug|Any CPU.Build.0 = Debug|Any CPU
		{C3740F5C-48F8-7A39-46C1-BF34FEC11683}.Release|Any CPU.ActiveCfg = Release|Any CPU
		{C3740F5C-48F8-7A39-46C1-BF34FEC11683}.Release|Any CPU.Build.0 = Release|Any CPU
		{88270AC2-BA76-BA5E-B27B-B5A4512B6AA5}.Debug|Any CPU.ActiveCfg = Debug|Any CPU
		{88270AC2-BA76-BA5E-B27B-B5A4512B6AA5}.Debug|Any CPU.Build.0 = Debug|Any CPU
		{88270AC2-BA76-BA5E-B27B-B5A4512B6AA5}.Release|Any CPU.ActiveCfg = Release|Any CPU
		{88270AC2-BA76-BA5E-B27B-B5A4512B6AA5}.Release|Any CPU.Build.0 = Release|Any CPU
	EndGlobalSection
	GlobalSection(SolutionProperties) = preSolution
		HideSolutionNode = FALSE
	EndGlobalSection
	GlobalSection(NestedProjects) = preSolution
		{B2DA5284-8888-B510-F7CE-BDAC8A24F6D0} = {1AE8ACA6-933B-BF2A-3671-3E2EAC007D16}
		{32CCCD6E-5CDC-9BC3-C011-800B623D31ED} = {B2DA5284-8888-B510-F7CE-BDAC8A24F6D0}
		{0177F72A-EE5D-4E9B-4494-26D671C50C83} = {32CCCD6E-5CDC-9BC3-C011-800B623D31ED}
		{C3740F5C-48F8-7A39-46C1-BF34FEC11683} = {0177F72A-EE5D-4E9B-4494-26D671C50C83}
		{E5491D3F-4CD8-9409-F1AC-6C8F0B7B391C} = {B2DA5284-8888-B510-F7CE-BDAC8A24F6D0}
		{14786BFC-1FEE-5DB3-CB40-7AE70C7DE364} = {E5491D3F-4CD8-9409-F1AC-6C8F0B7B391C}
		{88270AC2-BA76-BA5E-B27B-B5A4512B6AA5} = {14786BFC-1FEE-5DB3-CB40-7AE70C7DE364}
	EndGlobalSection
	GlobalSection(ExtensibilityGlobals) = postSolution
		SolutionGuid = {DD774396-BFFC-4993-ACDA-CBCC480D16CF}
	EndGlobalSection
EndGlobal
